
Microsoft Visual Studio Solution File, Format Version 12.00
# Visual Studio Version 17
VisualStudioVersion = 17.4.33205.214
MinimumVisualStudioVersion = 10.0.40219.1
Project("{9A19103F-16F7-4668-BE54-9A1E7A4F7556}") = "World Wanderer", "WorldWanderer\WorldWanderer.csproj", "{1D5C66F2-86A8-4853-AF3A-F4AC42668788}"
EndProject
Project("{9A19103F-16F7-4668-BE54-9A1E7A4F7556}") = "MapGen", "MockGame\MapGen\MapGen.csproj", "{7D3BCA8D-9B4B-4B2D-BAF1-75C76FE21677}"
EndProject
Global
	GlobalSection(SolutionConfigurationPlatforms) = preSolution
		Debug|Any CPU = Debug|Any CPU
		ExportDebug|Any CPU = ExportDebug|Any CPU
		ExportRelease|Any CPU = ExportRelease|Any CPU
	EndGlobalSection
	GlobalSection(ProjectConfigurationPlatforms) = postSolution
		{1D5C66F2-86A8-4853-AF3A-F4AC42668788}.Debug|Any CPU.ActiveCfg = Debug|Any CPU
		{1D5C66F2-86A8-4853-AF3A-F4AC42668788}.Debug|Any CPU.Build.0 = Debug|Any CPU
		{1D5C66F2-86A8-4853-AF3A-F4AC42668788}.ExportDebug|Any CPU.ActiveCfg = ExportDebug|Any CPU
		{1D5C66F2-86A8-4853-AF3A-F4AC42668788}.ExportDebug|Any CPU.Build.0 = ExportDebug|Any CPU
		{1D5C66F2-86A8-4853-AF3A-F4AC42668788}.ExportRelease|Any CPU.ActiveCfg = ExportRelease|Any CPU
		{1D5C66F2-86A8-4853-AF3A-F4AC42668788}.ExportRelease|Any CPU.Build.0 = ExportRelease|Any CPU
		{7D3BCA8D-9B4B-4B2D-BAF1-75C76FE21677}.Debug|Any CPU.ActiveCfg = Debug|Any CPU
		{7D3BCA8D-9B4B-4B2D-BAF1-75C76FE21677}.Debug|Any CPU.Build.0 = Debug|Any CPU
		{7D3BCA8D-9B4B-4B2D-BAF1-75C76FE21677}.ExportDebug|Any CPU.ActiveCfg = ExportDebug|Any CPU
		{7D3BCA8D-9B4B-4B2D-BAF1-75C76FE21677}.ExportDebug|Any CPU.Build.0 = ExportDebug|Any CPU
		{7D3BCA8D-9B4B-4B2D-BAF1-75C76FE21677}.ExportRelease|Any CPU.ActiveCfg = ExportRelease|Any CPU
		{7D3BCA8D-9B4B-4B2D-BAF1-75C76FE21677}.ExportRelease|Any CPU.Build.0 = ExportRelease|Any CPU
	EndGlobalSection
	GlobalSection(SolutionProperties) = preSolution
		HideSolutionNode = FALSE
	EndGlobalSection
	GlobalSection(ExtensibilityGlobals) = postSolution
		SolutionGuid = {5A539FC6-5673-4BC1-8DEB-89A93EFFCDEA}
	EndGlobalSection
EndGlobal
